
Microsoft Visual Studio Solution File, Format Version 12.00
# Visual Studio Version 16
VisualStudioVersion = 16.0.30330.147
MinimumVisualStudioVersion = 10.0.40219.1
Project("{FAE04EC0-301F-11D3-BF4B-00C04F79EFBC}") = "Selection", "Selection.csproj", "{24D3C9EB-8EC4-4882-9E49-5507579ED368}"
EndProject
Global
	GlobalSection(SolutionConfigurationPlatforms) = preSolution
		Debug|Any CPU = Debug|Any CPU
		Release|Any CPU = Release|Any CPU
	EndGlobalSection
	GlobalSection(ProjectConfigurationPlatforms) = postSolution
		{24D3C9EB-8EC4-4882-9E49-5507579ED368}.Debug|Any CPU.ActiveCfg = Debug|Any CPU
		{24D3C9EB-8EC4-4882-9E49-5507579ED368}.Debug|Any CPU.Build.0 = Debug|Any CPU
		{24D3C9EB-8EC4-4882-9E49-5507579ED368}.Release|Any CPU.ActiveCfg = Release|Any CPU
		{24D3C9EB-8EC4-4882-9E49-5507579ED368}.Release|Any CPU.Build.0 = Release|Any CPU
	EndGlobalSection
	GlobalSection(SolutionProperties) = preSolution
		HideSolutionNode = FALSE
	EndGlobalSection
	GlobalSection(ExtensibilityGlobals) = postSolution
		SolutionGuid = {E1D9B783-3EDE-4B6C-92CF-3EC9471F9784}
	EndGlobalSection
EndGlobal
